
Microsoft Visual Studio Solution File, Format Version 12.00
# Visual Studio 15
VisualStudioVersion = 15.0.26124.0
MinimumVisualStudioVersion = 15.0.26124.0
Project("{FAE04EC0-301F-11D3-BF4B-00C04F79EFBC}") = "WebApp", "DesktopBlazor.WebApp\WebApp.csproj", "{96F7C494-1FA5-453F-A141-D8C9CF248686}"
EndProject
Project("{FAE04EC0-301F-11D3-BF4B-00C04F79EFBC}") = "Contracts", "..\Shared\DesktopBlazor.Contracts\Contracts.csproj", "{F5966657-8F98-4A23-B8FF-A7003EA72396}"
EndProject
Global
	GlobalSection(SolutionConfigurationPlatforms) = preSolution
		Debug|Any CPU = Debug|Any CPU
		Debug|x64 = Debug|x64
		Debug|x86 = Debug|x86
		Release|Any CPU = Release|Any CPU
		Release|x64 = Release|x64
		Release|x86 = Release|x86
	EndGlobalSection
	GlobalSection(SolutionProperties) = preSolution
		HideSolutionNode = FALSE
	EndGlobalSection
	GlobalSection(ProjectConfigurationPlatforms) = postSolution
		{96F7C494-1FA5-453F-A141-D8C9CF248686}.Debug|Any CPU.ActiveCfg = Debug|Any CPU
		{96F7C494-1FA5-453F-A141-D8C9CF248686}.Debug|Any CPU.Build.0 = Debug|Any CPU
		{96F7C494-1FA5-453F-A141-D8C9CF248686}.Debug|x64.ActiveCfg = Debug|Any CPU
		{96F7C494-1FA5-453F-A141-D8C9CF248686}.Debug|x64.Build.0 = Debug|Any CPU
		{96F7C494-1FA5-453F-A141-D8C9CF248686}.Debug|x86.ActiveCfg = Debug|Any CPU
		{96F7C494-1FA5-453F-A141-D8C9CF248686}.Debug|x86.Build.0 = Debug|Any CPU
		{96F7C494-1FA5-453F-A141-D8C9CF248686}.Release|Any CPU.ActiveCfg = Release|Any CPU
		{96F7C494-1FA5-453F-A141-D8C9CF248686}.Release|Any CPU.Build.0 = Release|Any CPU
		{96F7C494-1FA5-453F-A141-D8C9CF248686}.Release|x64.ActiveCfg = Release|Any CPU
		{96F7C494-1FA5-453F-A141-D8C9CF248686}.Release|x64.Build.0 = Release|Any CPU
		{96F7C494-1FA5-453F-A141-D8C9CF248686}.Release|x86.ActiveCfg = Release|Any CPU
		{96F7C494-1FA5-453F-A141-D8C9CF248686}.Release|x86.Build.0 = Release|Any CPU
		{F5966657-8F98-4A23-B8FF-A7003EA72396}.Debug|Any CPU.ActiveCfg = Debug|Any CPU
		{F5966657-8F98-4A23-B8FF-A7003EA72396}.Debug|Any CPU.Build.0 = Debug|Any CPU
		{F5966657-8F98-4A23-B8FF-A7003EA72396}.Debug|x64.ActiveCfg = Debug|Any CPU
		{F5966657-8F98-4A23-B8FF-A7003EA72396}.Debug|x64.Build.0 = Debug|Any CPU
		{F5966657-8F98-4A23-B8FF-A7003EA72396}.Debug|x86.ActiveCfg = Debug|Any CPU
		{F5966657-8F98-4A23-B8FF-A7003EA72396}.Debug|x86.Build.0 = Debug|Any CPU
		{F5966657-8F98-4A23-B8FF-A7003EA72396}.Release|Any CPU.ActiveCfg = Release|Any CPU
		{F5966657-8F98-4A23-B8FF-A7003EA72396}.Release|Any CPU.Build.0 = Release|Any CPU
		{F5966657-8F98-4A23-B8FF-A7003EA72396}.Release|x64.ActiveCfg = Release|Any CPU
		{F5966657-8F98-4A23-B8FF-A7003EA72396}.Release|x64.Build.0 = Release|Any CPU
		{F5966657-8F98-4A23-B8FF-A7003EA72396}.Release|x86.ActiveCfg = Release|Any CPU
		{F5966657-8F98-4A23-B8FF-A7003EA72396}.Release|x86.Build.0 = Release|Any CPU
	EndGlobalSection
EndGlobal
